
Microsoft Visual Studio Solution File, Format Version 12.00
# Visual Studio Version 16
VisualStudioVersion = 16.0.31402.337
MinimumVisualStudioVersion = 10.0.40219.1
Project("{F184B08F-C81C-45F6-A57F-5ABD9991F28F}") = "ArchivoProductos", "ArchivoProductos.vbproj", "{BFC17E7E-F15C-4252-B6D2-5D5A59A5FE75}"
EndProject
Global
	GlobalSection(SolutionConfigurationPlatforms) = preSolution
		Debug|Any CPU = Debug|Any CPU
		Release|Any CPU = Release|Any CPU
	EndGlobalSection
	GlobalSection(ProjectConfigurationPlatforms) = postSolution
		{BFC17E7E-F15C-4252-B6D2-5D5A59A5FE75}.Debug|Any CPU.ActiveCfg = Debug|Any CPU
		{BFC17E7E-F15C-4252-B6D2-5D5A59A5FE75}.Debug|Any CPU.Build.0 = Debug|Any CPU
		{BFC17E7E-F15C-4252-B6D2-5D5A59A5FE75}.Release|Any CPU.ActiveCfg = Release|Any CPU
		{BFC17E7E-F15C-4252-B6D2-5D5A59A5FE75}.Release|Any CPU.Build.0 = Release|Any CPU
	EndGlobalSection
	GlobalSection(SolutionProperties) = preSolution
		HideSolutionNode = FALSE
	EndGlobalSection
	GlobalSection(ExtensibilityGlobals) = postSolution
		SolutionGuid = {E4DE7F89-7A3E-449E-8CEA-59E2A0C6269C}
	EndGlobalSection
EndGlobal
